
Microsoft Visual Studio Solution File, Format Version 12.00
# Visual Studio Version 16
VisualStudioVersion = 16.0.30204.135
MinimumVisualStudioVersion = 10.0.40219.1
Project("{8BC9CEB8-8B4A-11D0-8D11-00A0C91BC942}") = "Practical", "Practical.vcxproj", "{F1DFCD5A-7245-4F9B-B1E4-98CDD197A977}"
EndProject
Global
	GlobalSection(SolutionConfigurationPlatforms) = preSolution
		Debug|x64 = Debug|x64
		Debug|x86 = Debug|x86
		Release|x64 = Release|x64
		Release|x86 = Release|x86
	EndGlobalSection
	GlobalSection(ProjectConfigurationPlatforms) = postSolution
		{F1DFCD5A-7245-4F9B-B1E4-98CDD197A977}.Debug|x64.ActiveCfg = Debug|x64
		{F1DFCD5A-7245-4F9B-B1E4-98CDD197A977}.Debug|x64.Build.0 = Debug|x64
		{F1DFCD5A-7245-4F9B-B1E4-98CDD197A977}.Debug|x86.ActiveCfg = Debug|Win32
		{F1DFCD5A-7245-4F9B-B1E4-98CDD197A977}.Debug|x86.Build.0 = Debug|Win32
		{F1DFCD5A-7245-4F9B-B1E4-98CDD197A977}.Release|x64.ActiveCfg = Release|x64
		{F1DFCD5A-7245-4F9B-B1E4-98CDD197A977}.Release|x64.Build.0 = Release|x64
		{F1DFCD5A-7245-4F9B-B1E4-98CDD197A977}.Release|x86.ActiveCfg = Release|Win32
		{F1DFCD5A-7245-4F9B-B1E4-98CDD197A977}.Release|x86.Build.0 = Release|Win32
	EndGlobalSection
	GlobalSection(SolutionProperties) = preSolution
		HideSolutionNode = FALSE
	EndGlobalSection
	GlobalSection(ExtensibilityGlobals) = postSolution
		SolutionGuid = {8E3D8C28-3F09-4A73-87DB-0610BE8CF868}
	EndGlobalSection
EndGlobal
